
Microsoft Visual Studio Solution File, Format Version 12.00
# Visual Studio Version 17
VisualStudioVersion = 17.13.35806.99 d17.13
MinimumVisualStudioVersion = 10.0.40219.1
Project("{FAE04EC0-301F-11D3-BF4B-00C04F79EFBC}") = "cldvice4", "cldvice4.csproj", "{E594D600-545F-42A9-A3CE-962F6CA82F5B}"
EndProject
Global
	GlobalSection(SolutionConfigurationPlatforms) = preSolution
		Debug|Any CPU = Debug|Any CPU
		Release|Any CPU = Release|Any CPU
	EndGlobalSection
	GlobalSection(ProjectConfigurationPlatforms) = postSolution
		{E594D600-545F-42A9-A3CE-962F6CA82F5B}.Debug|Any CPU.ActiveCfg = Debug|Any CPU
		{E594D600-545F-42A9-A3CE-962F6CA82F5B}.Debug|Any CPU.Build.0 = Debug|Any CPU
		{E594D600-545F-42A9-A3CE-962F6CA82F5B}.Release|Any CPU.ActiveCfg = Release|Any CPU
		{E594D600-545F-42A9-A3CE-962F6CA82F5B}.Release|Any CPU.Build.0 = Release|Any CPU
	EndGlobalSection
	GlobalSection(SolutionProperties) = preSolution
		HideSolutionNode = FALSE
	EndGlobalSection
	GlobalSection(ExtensibilityGlobals) = postSolution
		SolutionGuid = {545541B7-A2C8-4F73-8F67-20D7F388ED43}
	EndGlobalSection
EndGlobal
